
Microsoft Visual Studio Solution File, Format Version 12.00
# Visual Studio 14
VisualStudioVersion = 14.0.25420.1
MinimumVisualStudioVersion = 10.0.40219.1
Project("{2150E333-8FDC-42A3-9474-1A3956D46DE8}") = "ZCXJ_CS.Utilities", "ZCXJ_CS.Utilities", "{AF95287E-ED18-4548-94F2-1E483B42019F}"
EndProject
Project("{2150E333-8FDC-42A3-9474-1A3956D46DE8}") = "ZCXJ_CS.UI", "ZCXJ_CS.UI", "{7B5FB42A-C4AA-4B7F-B64E-3D0AECC217D5}"
EndProject
Project("{FAE04EC0-301F-11D3-BF4B-00C04F79EFBC}") = "UIBase", "ZCXJ_CS.UI\UIBase\UIBase.csproj", "{695A088F-0592-4C1C-901D-69D8C6E6F6D9}"
EndProject
Project("{FAE04EC0-301F-11D3-BF4B-00C04F79EFBC}") = "Common", "ZCXJ_CS.Utilities\Common\Common.csproj", "{26B929F0-E61C-4905-9F07-9FE59324986D}"
EndProject
Project("{FAE04EC0-301F-11D3-BF4B-00C04F79EFBC}") = "FormPrint", "ZCXJ_CS.UI\FormPrint\FormPrint.csproj", "{24A52D57-16CE-4D6E-BEF3-B065A9C46C66}"
EndProject
Project("{FAE04EC0-301F-11D3-BF4B-00C04F79EFBC}") = "ZCXJ_CS.Applications", "ZCXJ_CS.Applications\ZCXJ_CS.Applications.csproj", "{CCC4051E-9B2C-4DD1-92BF-D4FDB959F077}"
EndProject
Project("{FAE04EC0-301F-11D3-BF4B-00C04F79EFBC}") = "ZCXJ_CS.Presentation", "ZCXJ_CS.Presentation\ZCXJ_CS.Presentation.csproj", "{261A918E-473A-4283-8174-C6F731ABCC50}"
EndProject
Global
	GlobalSection(SolutionConfigurationPlatforms) = preSolution
		CD_ROM|Any CPU = CD_ROM|Any CPU
		CD_ROM|Mixed Platforms = CD_ROM|Mixed Platforms
		CD_ROM|x86 = CD_ROM|x86
		Debug|Any CPU = Debug|Any CPU
		Debug|Mixed Platforms = Debug|Mixed Platforms
		Debug|x86 = Debug|x86
		DVD-5|Any CPU = DVD-5|Any CPU
		DVD-5|Mixed Platforms = DVD-5|Mixed Platforms
		DVD-5|x86 = DVD-5|x86
		Release|Any CPU = Release|Any CPU
		Release|Mixed Platforms = Release|Mixed Platforms
		Release|x86 = Release|x86
		SingleImage|Any CPU = SingleImage|Any CPU
		SingleImage|Mixed Platforms = SingleImage|Mixed Platforms
		SingleImage|x86 = SingleImage|x86
	EndGlobalSection
	GlobalSection(ProjectConfigurationPlatforms) = postSolution
		{695A088F-0592-4C1C-901D-69D8C6E6F6D9}.CD_ROM|Any CPU.ActiveCfg = Release|Any CPU
		{695A088F-0592-4C1C-901D-69D8C6E6F6D9}.CD_ROM|Any CPU.Build.0 = Release|Any CPU
		{695A088F-0592-4C1C-901D-69D8C6E6F6D9}.CD_ROM|Mixed Platforms.ActiveCfg = Release|Any CPU
		{695A088F-0592-4C1C-901D-69D8C6E6F6D9}.CD_ROM|Mixed Platforms.Build.0 = Release|Any CPU
		{695A088F-0592-4C1C-901D-69D8C6E6F6D9}.CD_ROM|x86.ActiveCfg = Release|Any CPU
		{695A088F-0592-4C1C-901D-69D8C6E6F6D9}.CD_ROM|x86.Build.0 = Release|Any CPU
		{695A088F-0592-4C1C-901D-69D8C6E6F6D9}.Debug|Any CPU.ActiveCfg = Debug|Any CPU
		{695A088F-0592-4C1C-901D-69D8C6E6F6D9}.Debug|Any CPU.Build.0 = Debug|Any CPU
		{695A088F-0592-4C1C-901D-69D8C6E6F6D9}.Debug|Mixed Platforms.ActiveCfg = Debug|Any CPU
		{695A088F-0592-4C1C-901D-69D8C6E6F6D9}.Debug|Mixed Platforms.Build.0 = Debug|Any CPU
		{695A088F-0592-4C1C-901D-69D8C6E6F6D9}.Debug|x86.ActiveCfg = Debug|Any CPU
		{695A088F-0592-4C1C-901D-69D8C6E6F6D9}.Debug|x86.Build.0 = Debug|Any CPU
		{695A088F-0592-4C1C-901D-69D8C6E6F6D9}.DVD-5|Any CPU.ActiveCfg = Debug|Any CPU
		{695A088F-0592-4C1C-901D-69D8C6E6F6D9}.DVD-5|Any CPU.Build.0 = Debug|Any CPU
		{695A088F-0592-4C1C-901D-69D8C6E6F6D9}.DVD-5|Mixed Platforms.ActiveCfg = Debug|Any CPU
		{695A088F-0592-4C1C-901D-69D8C6E6F6D9}.DVD-5|Mixed Platforms.Build.0 = Debug|Any CPU
		{695A088F-0592-4C1C-901D-69D8C6E6F6D9}.DVD-5|x86.ActiveCfg = Debug|Any CPU
		{695A088F-0592-4C1C-901D-69D8C6E6F6D9}.DVD-5|x86.Build.0 = Debug|Any CPU
		{695A088F-0592-4C1C-901D-69D8C6E6F6D9}.Release|Any CPU.ActiveCfg = Release|Any CPU
		{695A088F-0592-4C1C-901D-69D8C6E6F6D9}.Release|Any CPU.Build.0 = Release|Any CPU
		{695A088F-0592-4C1C-901D-69D8C6E6F6D9}.Release|Mixed Platforms.ActiveCfg = Release|Any CPU
		{695A088F-0592-4C1C-901D-69D8C6E6F6D9}.Release|Mixed Platforms.Build.0 = Release|Any CPU
		{695A088F-0592-4C1C-901D-69D8C6E6F6D9}.Release|x86.ActiveCfg = Release|Any CPU
		{695A088F-0592-4C1C-901D-69D8C6E6F6D9}.SingleImage|Any CPU.ActiveCfg = Release|Any CPU
		{695A088F-0592-4C1C-901D-69D8C6E6F6D9}.SingleImage|Any CPU.Build.0 = Release|Any CPU
		{695A088F-0592-4C1C-901D-69D8C6E6F6D9}.SingleImage|Mixed Platforms.ActiveCfg = Release|Any CPU
		{695A088F-0592-4C1C-901D-69D8C6E6F6D9}.SingleImage|Mixed Platforms.Build.0 = Release|Any CPU
		{695A088F-0592-4C1C-901D-69D8C6E6F6D9}.SingleImage|x86.ActiveCfg = Release|Any CPU
		{695A088F-0592-4C1C-901D-69D8C6E6F6D9}.SingleImage|x86.Build.0 = Release|Any CPU
		{26B929F0-E61C-4905-9F07-9FE59324986D}.CD_ROM|Any CPU.ActiveCfg = Release|Any CPU
		{26B929F0-E61C-4905-9F07-9FE59324986D}.CD_ROM|Any CPU.Build.0 = Release|Any CPU
		{26B929F0-E61C-4905-9F07-9FE59324986D}.CD_ROM|Mixed Platforms.ActiveCfg = Release|Any CPU
		{26B929F0-E61C-4905-9F07-9FE59324986D}.CD_ROM|Mixed Platforms.Build.0 = Release|Any CPU
		{26B929F0-E61C-4905-9F07-9FE59324986D}.CD_ROM|x86.ActiveCfg = Release|Any CPU
		{26B929F0-E61C-4905-9F07-9FE59324986D}.CD_ROM|x86.Build.0 = Release|Any CPU
		{26B929F0-E61C-4905-9F07-9FE59324986D}.Debug|Any CPU.ActiveCfg = Debug|Any CPU
		{26B929F0-E61C-4905-9F07-9FE59324986D}.Debug|Any CPU.Build.0 = Debug|Any CPU
		{26B929F0-E61C-4905-9F07-9FE59324986D}.Debug|Mixed Platforms.ActiveCfg = Debug|Any CPU
		{26B929F0-E61C-4905-9F07-9FE59324986D}.Debug|Mixed Platforms.Build.0 = Debug|Any CPU
		{26B929F0-E61C-4905-9F07-9FE59324986D}.Debug|x86.ActiveCfg = Debug|Any CPU
		{26B929F0-E61C-4905-9F07-9FE59324986D}.Debug|x86.Build.0 = Debug|Any CPU
		{26B929F0-E61C-4905-9F07-9FE59324986D}.DVD-5|Any CPU.ActiveCfg = Debug|Any CPU
		{26B929F0-E61C-4905-9F07-9FE59324986D}.DVD-5|Any CPU.Build.0 = Debug|Any CPU
		{26B929F0-E61C-4905-9F07-9FE59324986D}.DVD-5|Mixed Platforms.ActiveCfg = Debug|Any CPU
		{26B929F0-E61C-4905-9F07-9FE59324986D}.DVD-5|Mixed Platforms.Build.0 = Debug|Any CPU
		{26B929F0-E61C-4905-9F07-9FE59324986D}.DVD-5|x86.ActiveCfg = Debug|Any CPU
		{26B929F0-E61C-4905-9F07-9FE59324986D}.DVD-5|x86.Build.0 = Debug|Any CPU
		{26B929F0-E61C-4905-9F07-9FE59324986D}.Release|Any CPU.ActiveCfg = Release|Any CPU
		{26B929F0-E61C-4905-9F07-9FE59324986D}.Release|Any CPU.Build.0 = Release|Any CPU
		{26B929F0-E61C-4905-9F07-9FE59324986D}.Release|Mixed Platforms.ActiveCfg = Release|Any CPU
		{26B929F0-E61C-4905-9F07-9FE59324986D}.Release|Mixed Platforms.Build.0 = Release|Any CPU
		{26B929F0-E61C-4905-9F07-9FE59324986D}.Release|x86.ActiveCfg = Release|Any CPU
		{26B929F0-E61C-4905-9F07-9FE59324986D}.Release|x86.Build.0 = Release|Any CPU
		{26B929F0-E61C-4905-9F07-9FE59324986D}.SingleImage|Any CPU.ActiveCfg = Release|Any CPU
		{26B929F0-E61C-4905-9F07-9FE59324986D}.SingleImage|Any CPU.Build.0 = Release|Any CPU
		{26B929F0-E61C-4905-9F07-9FE59324986D}.SingleImage|Mixed Platforms.ActiveCfg = Release|Any CPU
		{26B929F0-E61C-4905-9F07-9FE59324986D}.SingleImage|Mixed Platforms.Build.0 = Release|Any CPU
		{26B929F0-E61C-4905-9F07-9FE59324986D}.SingleImage|x86.ActiveCfg = Release|Any CPU
		{26B929F0-E61C-4905-9F07-9FE59324986D}.SingleImage|x86.Build.0 = Release|Any CPU
		{24A52D57-16CE-4D6E-BEF3-B065A9C46C66}.CD_ROM|Any CPU.ActiveCfg = Release|Any CPU
		{24A52D57-16CE-4D6E-BEF3-B065A9C46C66}.CD_ROM|Any CPU.Build.0 = Release|Any CPU
		{24A52D57-16CE-4D6E-BEF3-B065A9C46C66}.CD_ROM|Mixed Platforms.ActiveCfg = Release|Any CPU
		{24A52D57-16CE-4D6E-BEF3-B065A9C46C66}.CD_ROM|Mixed Platforms.Build.0 = Release|Any CPU
		{24A52D57-16CE-4D6E-BEF3-B065A9C46C66}.CD_ROM|x86.ActiveCfg = Release|Any CPU
		{24A52D57-16CE-4D6E-BEF3-B065A9C46C66}.CD_ROM|x86.Build.0 = Release|Any CPU
		{24A52D57-16CE-4D6E-BEF3-B065A9C46C66}.Debug|Any CPU.ActiveCfg = Debug|Any CPU
		{24A52D57-16CE-4D6E-BEF3-B065A9C46C66}.Debug|Any CPU.Build.0 = Debug|Any CPU
		{24A52D57-16CE-4D6E-BEF3-B065A9C46C66}.Debug|Mixed Platforms.ActiveCfg = Debug|Any CPU
		{24A52D57-16CE-4D6E-BEF3-B065A9C46C66}.Debug|Mixed Platforms.Build.0 = Debug|Any CPU
		{24A52D57-16CE-4D6E-BEF3-B065A9C46C66}.Debug|x86.ActiveCfg = Debug|Any CPU
		{24A52D57-16CE-4D6E-BEF3-B065A9C46C66}.Debug|x86.Build.0 = Debug|Any CPU
		{24A52D57-16CE-4D6E-BEF3-B065A9C46C66}.DVD-5|Any CPU.ActiveCfg = Debug|Any CPU
		{24A52D57-16CE-4D6E-BEF3-B065A9C46C66}.DVD-5|Any CPU.Build.0 = Debug|Any CPU
		{24A52D57-16CE-4D6E-BEF3-B065A9C46C66}.DVD-5|Mixed Platforms.ActiveCfg = Debug|Any CPU
		{24A52D57-16CE-4D6E-BEF3-B065A9C46C66}.DVD-5|Mixed Platforms.Build.0 = Debug|Any CPU
		{24A52D57-16CE-4D6E-BEF3-B065A9C46C66}.DVD-5|x86.ActiveCfg = Debug|Any CPU
		{24A52D57-16CE-4D6E-BEF3-B065A9C46C66}.DVD-5|x86.Build.0 = Debug|Any CPU
		{24A52D57-16CE-4D6E-BEF3-B065A9C46C66}.Release|Any CPU.ActiveCfg = Release|Any CPU
		{24A52D57-16CE-4D6E-BEF3-B065A9C46C66}.Release|Any CPU.Build.0 = Release|Any CPU
		{24A52D57-16CE-4D6E-BEF3-B065A9C46C66}.Release|Mixed Platforms.ActiveCfg = Release|Any CPU
		{24A52D57-16CE-4D6E-BEF3-B065A9C46C66}.Release|Mixed Platforms.Build.0 = Release|Any CPU
		{24A52D57-16CE-4D6E-BEF3-B065A9C46C66}.Release|x86.ActiveCfg = Release|Any CPU
		{24A52D57-16CE-4D6E-BEF3-B065A9C46C66}.Release|x86.Build.0 = Release|Any CPU
		{24A52D57-16CE-4D6E-BEF3-B065A9C46C66}.SingleImage|Any CPU.ActiveCfg = Release|Any CPU
		{24A52D57-16CE-4D6E-BEF3-B065A9C46C66}.SingleImage|Any CPU.Build.0 = Release|Any CPU
		{24A52D57-16CE-4D6E-BEF3-B065A9C46C66}.SingleImage|Mixed Platforms.ActiveCfg = Release|Any CPU
		{24A52D57-16CE-4D6E-BEF3-B065A9C46C66}.SingleImage|Mixed Platforms.Build.0 = Release|Any CPU
		{24A52D57-16CE-4D6E-BEF3-B065A9C46C66}.SingleImage|x86.ActiveCfg = Release|Any CPU
		{24A52D57-16CE-4D6E-BEF3-B065A9C46C66}.SingleImage|x86.Build.0 = Release|Any CPU
		{CCC4051E-9B2C-4DD1-92BF-D4FDB959F077}.CD_ROM|Any CPU.ActiveCfg = Release|Any CPU
		{CCC4051E-9B2C-4DD1-92BF-D4FDB959F077}.CD_ROM|Any CPU.Build.0 = Release|Any CPU
		{CCC4051E-9B2C-4DD1-92BF-D4FDB959F077}.CD_ROM|Mixed Platforms.ActiveCfg = Release|Any CPU
		{CCC4051E-9B2C-4DD1-92BF-D4FDB959F077}.CD_ROM|Mixed Platforms.Build.0 = Release|Any CPU
		{CCC4051E-9B2C-4DD1-92BF-D4FDB959F077}.CD_ROM|x86.ActiveCfg = Release|Any CPU
		{CCC4051E-9B2C-4DD1-92BF-D4FDB959F077}.CD_ROM|x86.Build.0 = Release|Any CPU
		{CCC4051E-9B2C-4DD1-92BF-D4FDB959F077}.Debug|Any CPU.ActiveCfg = Debug|Any CPU
		{CCC4051E-9B2C-4DD1-92BF-D4FDB959F077}.Debug|Any CPU.Build.0 = Debug|Any CPU
		{CCC4051E-9B2C-4DD1-92BF-D4FDB959F077}.Debug|Mixed Platforms.ActiveCfg = Debug|Any CPU
		{CCC4051E-9B2C-4DD1-92BF-D4FDB959F077}.Debug|Mixed Platforms.Build.0 = Debug|Any CPU
		{CCC4051E-9B2C-4DD1-92BF-D4FDB959F077}.Debug|x86.ActiveCfg = Debug|Any CPU
		{CCC4051E-9B2C-4DD1-92BF-D4FDB959F077}.Debug|x86.Build.0 = Debug|Any CPU
		{CCC4051E-9B2C-4DD1-92BF-D4FDB959F077}.DVD-5|Any CPU.ActiveCfg = Debug|Any CPU
		{CCC4051E-9B2C-4DD1-92BF-D4FDB959F077}.DVD-5|Any CPU.Build.0 = Debug|Any CPU
		{CCC4051E-9B2C-4DD1-92BF-D4FDB959F077}.DVD-5|Mixed Platforms.ActiveCfg = Debug|Any CPU
		{CCC4051E-9B2C-4DD1-92BF-D4FDB959F077}.DVD-5|Mixed Platforms.Build.0 = Debug|Any CPU
		{CCC4051E-9B2C-4DD1-92BF-D4FDB959F077}.DVD-5|x86.ActiveCfg = Debug|Any CPU
		{CCC4051E-9B2C-4DD1-92BF-D4FDB959F077}.DVD-5|x86.Build.0 = Debug|Any CPU
		{CCC4051E-9B2C-4DD1-92BF-D4FDB959F077}.Release|Any CPU.ActiveCfg = Release|Any CPU
		{CCC4051E-9B2C-4DD1-92BF-D4FDB959F077}.Release|Any CPU.Build.0 = Release|Any CPU
		{CCC4051E-9B2C-4DD1-92BF-D4FDB959F077}.Release|Mixed Platforms.ActiveCfg = Release|Any CPU
		{CCC4051E-9B2C-4DD1-92BF-D4FDB959F077}.Release|Mixed Platforms.Build.0 = Release|Any CPU
		{CCC4051E-9B2C-4DD1-92BF-D4FDB959F077}.Release|x86.ActiveCfg = Release|Any CPU
		{CCC4051E-9B2C-4DD1-92BF-D4FDB959F077}.Release|x86.Build.0 = Release|Any CPU
		{CCC4051E-9B2C-4DD1-92BF-D4FDB959F077}.SingleImage|Any CPU.ActiveCfg = Release|Any CPU
		{CCC4051E-9B2C-4DD1-92BF-D4FDB959F077}.SingleImage|Any CPU.Build.0 = Release|Any CPU
		{CCC4051E-9B2C-4DD1-92BF-D4FDB959F077}.SingleImage|Mixed Platforms.ActiveCfg = Release|Any CPU
		{CCC4051E-9B2C-4DD1-92BF-D4FDB959F077}.SingleImage|Mixed Platforms.Build.0 = Release|Any CPU
		{CCC4051E-9B2C-4DD1-92BF-D4FDB959F077}.SingleImage|x86.ActiveCfg = Release|Any CPU
		{CCC4051E-9B2C-4DD1-92BF-D4FDB959F077}.SingleImage|x86.Build.0 = Release|Any CPU
		{261A918E-473A-4283-8174-C6F731ABCC50}.CD_ROM|Any CPU.ActiveCfg = Release|x86
		{261A918E-473A-4283-8174-C6F731ABCC50}.CD_ROM|Any CPU.Build.0 = Release|x86
		{261A918E-473A-4283-8174-C6F731ABCC50}.CD_ROM|Mixed Platforms.ActiveCfg = Release|x86
		{261A918E-473A-4283-8174-C6F731ABCC50}.CD_ROM|Mixed Platforms.Build.0 = Release|x86
		{261A918E-473A-4283-8174-C6F731ABCC50}.CD_ROM|x86.ActiveCfg = Release|x86
		{261A918E-473A-4283-8174-C6F731ABCC50}.CD_ROM|x86.Build.0 = Release|x86
		{261A918E-473A-4283-8174-C6F731ABCC50}.Debug|Any CPU.ActiveCfg = Debug|x86
		{261A918E-473A-4283-8174-C6F731ABCC50}.Debug|Mixed Platforms.ActiveCfg = Debug|x86
		{261A918E-473A-4283-8174-C6F731ABCC50}.Debug|Mixed Platforms.Build.0 = Debug|x86
		{261A918E-473A-4283-8174-C6F731ABCC50}.Debug|x86.ActiveCfg = Debug|x86
		{261A918E-473A-4283-8174-C6F731ABCC50}.Debug|x86.Build.0 = Debug|x86
		{261A918E-473A-4283-8174-C6F731ABCC50}.DVD-5|Any CPU.ActiveCfg = Release|x86
		{261A918E-473A-4283-8174-C6F731ABCC50}.DVD-5|Any CPU.Build.0 = Release|x86
		{261A918E-473A-4283-8174-C6F731ABCC50}.DVD-5|Mixed Platforms.ActiveCfg = Debug|x86
		{261A918E-473A-4283-8174-C6F731ABCC50}.DVD-5|Mixed Platforms.Build.0 = Debug|x86
		{261A918E-473A-4283-8174-C6F731ABCC50}.DVD-5|x86.ActiveCfg = Debug|x86
		{261A918E-473A-4283-8174-C6F731ABCC50}.DVD-5|x86.Build.0 = Debug|x86
		{261A918E-473A-4283-8174-C6F731ABCC50}.Release|Any CPU.ActiveCfg = Release|x86
		{261A918E-473A-4283-8174-C6F731ABCC50}.Release|Mixed Platforms.ActiveCfg = Release|x86
		{261A918E-473A-4283-8174-C6F731ABCC50}.Release|Mixed Platforms.Build.0 = Release|x86
		{261A918E-473A-4283-8174-C6F731ABCC50}.Release|x86.ActiveCfg = Release|x86
		{261A918E-473A-4283-8174-C6F731ABCC50}.Release|x86.Build.0 = Release|x86
		{261A918E-473A-4283-8174-C6F731ABCC50}.SingleImage|Any CPU.ActiveCfg = Release|x86
		{261A918E-473A-4283-8174-C6F731ABCC50}.SingleImage|Any CPU.Build.0 = Release|x86
		{261A918E-473A-4283-8174-C6F731ABCC50}.SingleImage|Mixed Platforms.ActiveCfg = Release|x86
		{261A918E-473A-4283-8174-C6F731ABCC50}.SingleImage|Mixed Platforms.Build.0 = Release|x86
		{261A918E-473A-4283-8174-C6F731ABCC50}.SingleImage|x86.ActiveCfg = Release|x86
		{261A918E-473A-4283-8174-C6F731ABCC50}.SingleImage|x86.Build.0 = Release|x86
	EndGlobalSection
	GlobalSection(SolutionProperties) = preSolution
		HideSolutionNode = FALSE
	EndGlobalSection
	GlobalSection(NestedProjects) = preSolution
		{695A088F-0592-4C1C-901D-69D8C6E6F6D9} = {7B5FB42A-C4AA-4B7F-B64E-3D0AECC217D5}
		{26B929F0-E61C-4905-9F07-9FE59324986D} = {AF95287E-ED18-4548-94F2-1E483B42019F}
		{24A52D57-16CE-4D6E-BEF3-B065A9C46C66} = {7B5FB42A-C4AA-4B7F-B64E-3D0AECC217D5}
	EndGlobalSection
EndGlobal
